
Microsoft Visual Studio Solution File, Format Version 12.00
# Visual Studio Version 16
VisualStudioVersion = 16.0.30717.126
MinimumVisualStudioVersion = 10.0.40219.1
Project("{9A19103F-16F7-4668-BE54-9A1E7A4F7556}") = "TCC_WebAPI", "TCC_WebAPI\TCC_WebAPI.csproj", "{C5E4DC44-CB58-4A8A-ADEA-A1047E1D7267}"
	ProjectSection(ProjectDependencies) = postProject
		{53C1A42B-1D0E-46F7-9AFB-F5C7A17578A9} = {53C1A42B-1D0E-46F7-9AFB-F5C7A17578A9}
	EndProjectSection
EndProject
Project("{9A19103F-16F7-4668-BE54-9A1E7A4F7556}") = "TCC_CoreApi.Model", "TCC_CoreApi.Model\TCC_CoreApi.Model.csproj", "{53C1A42B-1D0E-46F7-9AFB-F5C7A17578A9}"
EndProject
Project("{FAE04EC0-301F-11D3-BF4B-00C04F79EFBC}") = "TCC_CoreApi.Common", "TCC_CoreApi.Common\TCC_CoreApi.Common.csproj", "{9407604B-8FF1-49BD-8A50-ABEF3C5DBD31}"
EndProject
Global
	GlobalSection(SolutionConfigurationPlatforms) = preSolution
		Debug|Any CPU = Debug|Any CPU
		Release|Any CPU = Release|Any CPU
	EndGlobalSection
	GlobalSection(ProjectConfigurationPlatforms) = postSolution
		{C5E4DC44-CB58-4A8A-ADEA-A1047E1D7267}.Debug|Any CPU.ActiveCfg = Debug|Any CPU
		{C5E4DC44-CB58-4A8A-ADEA-A1047E1D7267}.Debug|Any CPU.Build.0 = Debug|Any CPU
		{C5E4DC44-CB58-4A8A-ADEA-A1047E1D7267}.Release|Any CPU.ActiveCfg = Release|Any CPU
		{C5E4DC44-CB58-4A8A-ADEA-A1047E1D7267}.Release|Any CPU.Build.0 = Release|Any CPU
		{53C1A42B-1D0E-46F7-9AFB-F5C7A17578A9}.Debug|Any CPU.ActiveCfg = Debug|Any CPU
		{53C1A42B-1D0E-46F7-9AFB-F5C7A17578A9}.Debug|Any CPU.Build.0 = Debug|Any CPU
		{53C1A42B-1D0E-46F7-9AFB-F5C7A17578A9}.Release|Any CPU.ActiveCfg = Release|Any CPU
		{53C1A42B-1D0E-46F7-9AFB-F5C7A17578A9}.Release|Any CPU.Build.0 = Release|Any CPU
		{9407604B-8FF1-49BD-8A50-ABEF3C5DBD31}.Debug|Any CPU.ActiveCfg = Debug|Any CPU
		{9407604B-8FF1-49BD-8A50-ABEF3C5DBD31}.Debug|Any CPU.Build.0 = Debug|Any CPU
		{9407604B-8FF1-49BD-8A50-ABEF3C5DBD31}.Release|Any CPU.ActiveCfg = Release|Any CPU
		{9407604B-8FF1-49BD-8A50-ABEF3C5DBD31}.Release|Any CPU.Build.0 = Release|Any CPU
	EndGlobalSection
	GlobalSection(SolutionProperties) = preSolution
		HideSolutionNode = FALSE
	EndGlobalSection
	GlobalSection(ExtensibilityGlobals) = postSolution
		SolutionGuid = {656D7061-381A-41E4-A065-BDC5BE753975}
	EndGlobalSection
EndGlobal
